
Microsoft Visual Studio Solution File, Format Version 12.00
# Visual Studio Version 16
VisualStudioVersion = 16.0.29613.14
MinimumVisualStudioVersion = 10.0.40219.1
Project("{9A19103F-16F7-4668-BE54-9A1E7A4F7556}") = "Veiculo_Csharp", "Veiculo_Csharp.csproj", "{9EBD1ABF-AF62-4125-9D3C-73FD0EB777C7}"
EndProject
Global
	GlobalSection(SolutionConfigurationPlatforms) = preSolution
		Debug|Any CPU = Debug|Any CPU
		Release|Any CPU = Release|Any CPU
	EndGlobalSection
	GlobalSection(ProjectConfigurationPlatforms) = postSolution
		{9EBD1ABF-AF62-4125-9D3C-73FD0EB777C7}.Debug|Any CPU.ActiveCfg = Debug|Any CPU
		{9EBD1ABF-AF62-4125-9D3C-73FD0EB777C7}.Debug|Any CPU.Build.0 = Debug|Any CPU
		{9EBD1ABF-AF62-4125-9D3C-73FD0EB777C7}.Release|Any CPU.ActiveCfg = Release|Any CPU
		{9EBD1ABF-AF62-4125-9D3C-73FD0EB777C7}.Release|Any CPU.Build.0 = Release|Any CPU
	EndGlobalSection
	GlobalSection(SolutionProperties) = preSolution
		HideSolutionNode = FALSE
	EndGlobalSection
	GlobalSection(ExtensibilityGlobals) = postSolution
		SolutionGuid = {7A937393-9D1C-400B-A0DB-402FE5206B31}
	EndGlobalSection
EndGlobal
